
Microsoft Visual Studio Solution File, Format Version 12.00
# Visual Studio 15
VisualStudioVersion = 15.0.26020.0
MinimumVisualStudioVersion = 10.0.40219.1
Project("{D954291E-2A0B-460D-934E-DC6B0785DB48}") = "PU_Project", "PU_Project\PU_Project.shproj", "{F75A2578-3C9F-4890-B338-2D9AF5A8B4AD}"
EndProject
Project("{FAE04EC0-301F-11D3-BF4B-00C04F79EFBC}") = "PU_Project.Droid", "PU_Project.Droid\PU_Project.Droid.csproj", "{8838F3D1-DB37-4056-84EE-6B90C06557BA}"
EndProject
Project("{FAE04EC0-301F-11D3-BF4B-00C04F79EFBC}") = "PU_Project.iOS", "PU_Project.iOS\PU_Project.iOS.csproj", "{C0B0A333-6E8A-4564-BE7E-1BE284302C10}"
EndProject
Project("{FAE04EC0-301F-11D3-BF4B-00C04F79EFBC}") = "PU_Project.UWP", "PU_Project.UWP\PU_Project.UWP.csproj", "{5736C2E1-2247-4C42-B6CA-57FFC567B2C7}"
EndProject
Global
	GlobalSection(SharedMSBuildProjectFiles) = preSolution
		PU_Project\PU_Project.projitems*{8838f3d1-db37-4056-84ee-6b90c06557ba}*SharedItemsImports = 4
		PU_Project\PU_Project.projitems*{c0b0a333-6e8a-4564-be7e-1be284302c10}*SharedItemsImports = 4
		PU_Project\PU_Project.projitems*{f75a2578-3c9f-4890-b338-2d9af5a8b4ad}*SharedItemsImports = 13
	EndGlobalSection
	GlobalSection(SolutionConfigurationPlatforms) = preSolution
		Ad-Hoc|Any CPU = Ad-Hoc|Any CPU
		Ad-Hoc|ARM = Ad-Hoc|ARM
		Ad-Hoc|iPhone = Ad-Hoc|iPhone
		Ad-Hoc|iPhoneSimulator = Ad-Hoc|iPhoneSimulator
		Ad-Hoc|x64 = Ad-Hoc|x64
		Ad-Hoc|x86 = Ad-Hoc|x86
		AppStore|Any CPU = AppStore|Any CPU
		AppStore|ARM = AppStore|ARM
		AppStore|iPhone = AppStore|iPhone
		AppStore|iPhoneSimulator = AppStore|iPhoneSimulator
		AppStore|x64 = AppStore|x64
		AppStore|x86 = AppStore|x86
		Debug|Any CPU = Debug|Any CPU
		Debug|ARM = Debug|ARM
		Debug|iPhone = Debug|iPhone
		Debug|iPhoneSimulator = Debug|iPhoneSimulator
		Debug|x64 = Debug|x64
		Debug|x86 = Debug|x86
		Release|Any CPU = Release|Any CPU
		Release|ARM = Release|ARM
		Release|iPhone = Release|iPhone
		Release|iPhoneSimulator = Release|iPhoneSimulator
		Release|x64 = Release|x64
		Release|x86 = Release|x86
	EndGlobalSection
	GlobalSection(ProjectConfigurationPlatforms) = postSolution
		{8838F3D1-DB37-4056-84EE-6B90C06557BA}.Ad-Hoc|Any CPU.ActiveCfg = Release|Any CPU
		{8838F3D1-DB37-4056-84EE-6B90C06557BA}.Ad-Hoc|Any CPU.Build.0 = Release|Any CPU
		{8838F3D1-DB37-4056-84EE-6B90C06557BA}.Ad-Hoc|Any CPU.Deploy.0 = Release|Any CPU
		{8838F3D1-DB37-4056-84EE-6B90C06557BA}.Ad-Hoc|ARM.ActiveCfg = Release|Any CPU
		{8838F3D1-DB37-4056-84EE-6B90C06557BA}.Ad-Hoc|ARM.Build.0 = Release|Any CPU
		{8838F3D1-DB37-4056-84EE-6B90C06557BA}.Ad-Hoc|ARM.Deploy.0 = Release|Any CPU
		{8838F3D1-DB37-4056-84EE-6B90C06557BA}.Ad-Hoc|iPhone.ActiveCfg = Release|Any CPU
		{8838F3D1-DB37-4056-84EE-6B90C06557BA}.Ad-Hoc|iPhone.Build.0 = Release|Any CPU
		{8838F3D1-DB37-4056-84EE-6B90C06557BA}.Ad-Hoc|iPhone.Deploy.0 = Release|Any CPU
		{8838F3D1-DB37-4056-84EE-6B90C06557BA}.Ad-Hoc|iPhoneSimulator.ActiveCfg = Release|Any CPU
		{8838F3D1-DB37-4056-84EE-6B90C06557BA}.Ad-Hoc|iPhoneSimulator.Build.0 = Release|Any CPU
		{8838F3D1-DB37-4056-84EE-6B90C06557BA}.Ad-Hoc|iPhoneSimulator.Deploy.0 = Release|Any CPU
		{8838F3D1-DB37-4056-84EE-6B90C06557BA}.Ad-Hoc|x64.ActiveCfg = Release|Any CPU
		{8838F3D1-DB37-4056-84EE-6B90C06557BA}.Ad-Hoc|x64.Build.0 = Release|Any CPU
		{8838F3D1-DB37-4056-84EE-6B90C06557BA}.Ad-Hoc|x64.Deploy.0 = Release|Any CPU
		{8838F3D1-DB37-4056-84EE-6B90C06557BA}.Ad-Hoc|x86.ActiveCfg = Release|Any CPU
		{8838F3D1-DB37-4056-84EE-6B90C06557BA}.Ad-Hoc|x86.Build.0 = Release|Any CPU
		{8838F3D1-DB37-4056-84EE-6B90C06557BA}.Ad-Hoc|x86.Deploy.0 = Release|Any CPU
		{8838F3D1-DB37-4056-84EE-6B90C06557BA}.AppStore|Any CPU.ActiveCfg = Release|Any CPU
		{8838F3D1-DB37-4056-84EE-6B90C06557BA}.AppStore|Any CPU.Build.0 = Release|Any CPU
		{8838F3D1-DB37-4056-84EE-6B90C06557BA}.AppStore|Any CPU.Deploy.0 = Release|Any CPU
		{8838F3D1-DB37-4056-84EE-6B90C06557BA}.AppStore|ARM.ActiveCfg = Release|Any CPU
		{8838F3D1-DB37-4056-84EE-6B90C06557BA}.AppStore|ARM.Build.0 = Release|Any CPU
		{8838F3D1-DB37-4056-84EE-6B90C06557BA}.AppStore|ARM.Deploy.0 = Release|Any CPU
		{8838F3D1-DB37-4056-84EE-6B90C06557BA}.AppStore|iPhone.ActiveCfg = Release|Any CPU
		{8838F3D1-DB37-4056-84EE-6B90C06557BA}.AppStore|iPhone.Build.0 = Release|Any CPU
		{8838F3D1-DB37-4056-84EE-6B90C06557BA}.AppStore|iPhone.Deploy.0 = Release|Any CPU
		{8838F3D1-DB37-4056-84EE-6B90C06557BA}.AppStore|iPhoneSimulator.ActiveCfg = Release|Any CPU
		{8838F3D1-DB37-4056-84EE-6B90C06557BA}.AppStore|iPhoneSimulator.Build.0 = Release|Any CPU
		{8838F3D1-DB37-4056-84EE-6B90C06557BA}.AppStore|iPhoneSimulator.Deploy.0 = Release|Any CPU
		{8838F3D1-DB37-4056-84EE-6B90C06557BA}.AppStore|x64.ActiveCfg = Release|Any CPU
		{8838F3D1-DB37-4056-84EE-6B90C06557BA}.AppStore|x64.Build.0 = Release|Any CPU
		{8838F3D1-DB37-4056-84EE-6B90C06557BA}.AppStore|x64.Deploy.0 = Release|Any CPU
		{8838F3D1-DB37-4056-84EE-6B90C06557BA}.AppStore|x86.ActiveCfg = Release|Any CPU
		{8838F3D1-DB37-4056-84EE-6B90C06557BA}.AppStore|x86.Build.0 = Release|Any CPU
		{8838F3D1-DB37-4056-84EE-6B90C06557BA}.AppStore|x86.Deploy.0 = Release|Any CPU
		{8838F3D1-DB37-4056-84EE-6B90C06557BA}.Debug|Any CPU.ActiveCfg = Debug|Any CPU
		{8838F3D1-DB37-4056-84EE-6B90C06557BA}.Debug|Any CPU.Build.0 = Debug|Any CPU
		{8838F3D1-DB37-4056-84EE-6B90C06557BA}.Debug|Any CPU.Deploy.0 = Debug|Any CPU
		{8838F3D1-DB37-4056-84EE-6B90C06557BA}.Debug|ARM.ActiveCfg = Debug|Any CPU
		{8838F3D1-DB37-4056-84EE-6B90C06557BA}.Debug|ARM.Build.0 = Debug|Any CPU
		{8838F3D1-DB37-4056-84EE-6B90C06557BA}.Debug|ARM.Deploy.0 = Debug|Any CPU
		{8838F3D1-DB37-4056-84EE-6B90C06557BA}.Debug|iPhone.ActiveCfg = Debug|Any CPU
		{8838F3D1-DB37-4056-84EE-6B90C06557BA}.Debug|iPhone.Build.0 = Debug|Any CPU
		{8838F3D1-DB37-4056-84EE-6B90C06557BA}.Debug|iPhone.Deploy.0 = Debug|Any CPU
		{8838F3D1-DB37-4056-84EE-6B90C06557BA}.Debug|iPhoneSimulator.ActiveCfg = Debug|Any CPU
		{8838F3D1-DB37-4056-84EE-6B90C06557BA}.Debug|iPhoneSimulator.Build.0 = Debug|Any CPU
		{8838F3D1-DB37-4056-84EE-6B90C06557BA}.Debug|iPhoneSimulator.Deploy.0 = Debug|Any CPU
		{8838F3D1-DB37-4056-84EE-6B90C06557BA}.Debug|x64.ActiveCfg = Debug|Any CPU
		{8838F3D1-DB37-4056-84EE-6B90C06557BA}.Debug|x64.Build.0 = Debug|Any CPU
		{8838F3D1-DB37-4056-84EE-6B90C06557BA}.Debug|x64.Deploy.0 = Debug|Any CPU
		{8838F3D1-DB37-4056-84EE-6B90C06557BA}.Debug|x86.ActiveCfg = Debug|Any CPU
		{8838F3D1-DB37-4056-84EE-6B90C06557BA}.Debug|x86.Build.0 = Debug|Any CPU
		{8838F3D1-DB37-4056-84EE-6B90C06557BA}.Debug|x86.Deploy.0 = Debug|Any CPU
		{8838F3D1-DB37-4056-84EE-6B90C06557BA}.Release|Any CPU.ActiveCfg = Release|Any CPU
		{8838F3D1-DB37-4056-84EE-6B90C06557BA}.Release|Any CPU.Build.0 = Release|Any CPU
		{8838F3D1-DB37-4056-84EE-6B90C06557BA}.Release|Any CPU.Deploy.0 = Release|Any CPU
		{8838F3D1-DB37-4056-84EE-6B90C06557BA}.Release|ARM.ActiveCfg = Release|Any CPU
		{8838F3D1-DB37-4056-84EE-6B90C06557BA}.Release|ARM.Build.0 = Release|Any CPU
		{8838F3D1-DB37-4056-84EE-6B90C06557BA}.Release|ARM.Deploy.0 = Release|Any CPU
		{8838F3D1-DB37-4056-84EE-6B90C06557BA}.Release|iPhone.ActiveCfg = Release|Any CPU
		{8838F3D1-DB37-4056-84EE-6B90C06557BA}.Release|iPhone.Build.0 = Release|Any CPU
		{8838F3D1-DB37-4056-84EE-6B90C06557BA}.Release|iPhone.Deploy.0 = Release|Any CPU
		{8838F3D1-DB37-4056-84EE-6B90C06557BA}.Release|iPhoneSimulator.ActiveCfg = Release|Any CPU
		{8838F3D1-DB37-4056-84EE-6B90C06557BA}.Release|iPhoneSimulator.Build.0 = Release|Any CPU
		{8838F3D1-DB37-4056-84EE-6B90C06557BA}.Release|iPhoneSimulator.Deploy.0 = Release|Any CPU
		{8838F3D1-DB37-4056-84EE-6B90C06557BA}.Release|x64.ActiveCfg = Release|Any CPU
		{8838F3D1-DB37-4056-84EE-6B90C06557BA}.Release|x64.Build.0 = Release|Any CPU
		{8838F3D1-DB37-4056-84EE-6B90C06557BA}.Release|x64.Deploy.0 = Release|Any CPU
		{8838F3D1-DB37-4056-84EE-6B90C06557BA}.Release|x86.ActiveCfg = Release|Any CPU
		{8838F3D1-DB37-4056-84EE-6B90C06557BA}.Release|x86.Build.0 = Release|Any CPU
		{8838F3D1-DB37-4056-84EE-6B90C06557BA}.Release|x86.Deploy.0 = Release|Any CPU
		{C0B0A333-6E8A-4564-BE7E-1BE284302C10}.Ad-Hoc|Any CPU.ActiveCfg = Ad-Hoc|iPhone
		{C0B0A333-6E8A-4564-BE7E-1BE284302C10}.Ad-Hoc|ARM.ActiveCfg = Ad-Hoc|iPhone
		{C0B0A333-6E8A-4564-BE7E-1BE284302C10}.Ad-Hoc|iPhone.ActiveCfg = Ad-Hoc|iPhone
		{C0B0A333-6E8A-4564-BE7E-1BE284302C10}.Ad-Hoc|iPhone.Build.0 = Ad-Hoc|iPhone
		{C0B0A333-6E8A-4564-BE7E-1BE284302C10}.Ad-Hoc|iPhoneSimulator.ActiveCfg = Ad-Hoc|iPhoneSimulator
		{C0B0A333-6E8A-4564-BE7E-1BE284302C10}.Ad-Hoc|iPhoneSimulator.Build.0 = Ad-Hoc|iPhoneSimulator
		{C0B0A333-6E8A-4564-BE7E-1BE284302C10}.Ad-Hoc|x64.ActiveCfg = Ad-Hoc|iPhone
		{C0B0A333-6E8A-4564-BE7E-1BE284302C10}.Ad-Hoc|x86.ActiveCfg = Ad-Hoc|iPhone
		{C0B0A333-6E8A-4564-BE7E-1BE284302C10}.AppStore|Any CPU.ActiveCfg = AppStore|iPhone
		{C0B0A333-6E8A-4564-BE7E-1BE284302C10}.AppStore|ARM.ActiveCfg = AppStore|iPhone
		{C0B0A333-6E8A-4564-BE7E-1BE284302C10}.AppStore|iPhone.ActiveCfg = AppStore|iPhone
		{C0B0A333-6E8A-4564-BE7E-1BE284302C10}.AppStore|iPhone.Build.0 = AppStore|iPhone
		{C0B0A333-6E8A-4564-BE7E-1BE284302C10}.AppStore|iPhoneSimulator.ActiveCfg = AppStore|iPhoneSimulator
		{C0B0A333-6E8A-4564-BE7E-1BE284302C10}.AppStore|iPhoneSimulator.Build.0 = AppStore|iPhoneSimulator
		{C0B0A333-6E8A-4564-BE7E-1BE284302C10}.AppStore|x64.ActiveCfg = AppStore|iPhone
		{C0B0A333-6E8A-4564-BE7E-1BE284302C10}.AppStore|x86.ActiveCfg = AppStore|iPhone
		{C0B0A333-6E8A-4564-BE7E-1BE284302C10}.Debug|Any CPU.ActiveCfg = Debug|iPhone
		{C0B0A333-6E8A-4564-BE7E-1BE284302C10}.Debug|ARM.ActiveCfg = Debug|iPhone
		{C0B0A333-6E8A-4564-BE7E-1BE284302C10}.Debug|iPhone.ActiveCfg = Debug|iPhone
		{C0B0A333-6E8A-4564-BE7E-1BE284302C10}.Debug|iPhone.Build.0 = Debug|iPhone
		{C0B0A333-6E8A-4564-BE7E-1BE284302C10}.Debug|iPhoneSimulator.ActiveCfg = Debug|iPhoneSimulator
		{C0B0A333-6E8A-4564-BE7E-1BE284302C10}.Debug|iPhoneSimulator.Build.0 = Debug|iPhoneSimulator
		{C0B0A333-6E8A-4564-BE7E-1BE284302C10}.Debug|x64.ActiveCfg = Debug|iPhone
		{C0B0A333-6E8A-4564-BE7E-1BE284302C10}.Debug|x86.ActiveCfg = Debug|iPhone
		{C0B0A333-6E8A-4564-BE7E-1BE284302C10}.Release|Any CPU.ActiveCfg = Release|iPhone
		{C0B0A333-6E8A-4564-BE7E-1BE284302C10}.Release|ARM.ActiveCfg = Release|iPhone
		{C0B0A333-6E8A-4564-BE7E-1BE284302C10}.Release|iPhone.ActiveCfg = Release|iPhone
		{C0B0A333-6E8A-4564-BE7E-1BE284302C10}.Release|iPhone.Build.0 = Release|iPhone
		{C0B0A333-6E8A-4564-BE7E-1BE284302C10}.Release|iPhoneSimulator.ActiveCfg = Release|iPhoneSimulator
		{C0B0A333-6E8A-4564-BE7E-1BE284302C10}.Release|iPhoneSimulator.Build.0 = Release|iPhoneSimulator
		{C0B0A333-6E8A-4564-BE7E-1BE284302C10}.Release|x64.ActiveCfg = Release|iPhone
		{C0B0A333-6E8A-4564-BE7E-1BE284302C10}.Release|x86.ActiveCfg = Release|iPhone
		{5736C2E1-2247-4C42-B6CA-57FFC567B2C7}.Ad-Hoc|Any CPU.ActiveCfg = Release|x86
		{5736C2E1-2247-4C42-B6CA-57FFC567B2C7}.Ad-Hoc|Any CPU.Build.0 = Release|x86
		{5736C2E1-2247-4C42-B6CA-57FFC567B2C7}.Ad-Hoc|Any CPU.Deploy.0 = Release|x86
		{5736C2E1-2247-4C42-B6CA-57FFC567B2C7}.Ad-Hoc|ARM.ActiveCfg = Release|ARM
		{5736C2E1-2247-4C42-B6CA-57FFC567B2C7}.Ad-Hoc|ARM.Build.0 = Release|ARM
		{5736C2E1-2247-4C42-B6CA-57FFC567B2C7}.Ad-Hoc|ARM.Deploy.0 = Release|ARM
		{5736C2E1-2247-4C42-B6CA-57FFC567B2C7}.Ad-Hoc|iPhone.ActiveCfg = Release|x86
		{5736C2E1-2247-4C42-B6CA-57FFC567B2C7}.Ad-Hoc|iPhone.Build.0 = Release|x86
		{5736C2E1-2247-4C42-B6CA-57FFC567B2C7}.Ad-Hoc|iPhone.Deploy.0 = Release|x86
		{5736C2E1-2247-4C42-B6CA-57FFC567B2C7}.Ad-Hoc|iPhoneSimulator.ActiveCfg = Release|x86
		{5736C2E1-2247-4C42-B6CA-57FFC567B2C7}.Ad-Hoc|iPhoneSimulator.Build.0 = Release|x86
		{5736C2E1-2247-4C42-B6CA-57FFC567B2C7}.Ad-Hoc|iPhoneSimulator.Deploy.0 = Release|x86
		{5736C2E1-2247-4C42-B6CA-57FFC567B2C7}.Ad-Hoc|x64.ActiveCfg = Release|x64
		{5736C2E1-2247-4C42-B6CA-57FFC567B2C7}.Ad-Hoc|x64.Build.0 = Release|x64
		{5736C2E1-2247-4C42-B6CA-57FFC567B2C7}.Ad-Hoc|x64.Deploy.0 = Release|x64
		{5736C2E1-2247-4C42-B6CA-57FFC567B2C7}.Ad-Hoc|x86.ActiveCfg = Release|x86
		{5736C2E1-2247-4C42-B6CA-57FFC567B2C7}.Ad-Hoc|x86.Build.0 = Release|x86
		{5736C2E1-2247-4C42-B6CA-57FFC567B2C7}.Ad-Hoc|x86.Deploy.0 = Release|x86
		{5736C2E1-2247-4C42-B6CA-57FFC567B2C7}.AppStore|Any CPU.ActiveCfg = Release|x86
		{5736C2E1-2247-4C42-B6CA-57FFC567B2C7}.AppStore|Any CPU.Build.0 = Release|x86
		{5736C2E1-2247-4C42-B6CA-57FFC567B2C7}.AppStore|Any CPU.Deploy.0 = Release|x86
		{5736C2E1-2247-4C42-B6CA-57FFC567B2C7}.AppStore|ARM.ActiveCfg = Release|ARM
		{5736C2E1-2247-4C42-B6CA-57FFC567B2C7}.AppStore|ARM.Build.0 = Release|ARM
		{5736C2E1-2247-4C42-B6CA-57FFC567B2C7}.AppStore|ARM.Deploy.0 = Release|ARM
		{5736C2E1-2247-4C42-B6CA-57FFC567B2C7}.AppStore|iPhone.ActiveCfg = Release|x86
		{5736C2E1-2247-4C42-B6CA-57FFC567B2C7}.AppStore|iPhone.Build.0 = Release|x86
		{5736C2E1-2247-4C42-B6CA-57FFC567B2C7}.AppStore|iPhone.Deploy.0 = Release|x86
		{5736C2E1-2247-4C42-B6CA-57FFC567B2C7}.AppStore|iPhoneSimulator.ActiveCfg = Release|x86
		{5736C2E1-2247-4C42-B6CA-57FFC567B2C7}.AppStore|iPhoneSimulator.Build.0 = Release|x86
		{5736C2E1-2247-4C42-B6CA-57FFC567B2C7}.AppStore|iPhoneSimulator.Deploy.0 = Release|x86
		{5736C2E1-2247-4C42-B6CA-57FFC567B2C7}.AppStore|x64.ActiveCfg = Release|x64
		{5736C2E1-2247-4C42-B6CA-57FFC567B2C7}.AppStore|x64.Build.0 = Release|x64
		{5736C2E1-2247-4C42-B6CA-57FFC567B2C7}.AppStore|x64.Deploy.0 = Release|x64
		{5736C2E1-2247-4C42-B6CA-57FFC567B2C7}.AppStore|x86.ActiveCfg = Release|x86
		{5736C2E1-2247-4C42-B6CA-57FFC567B2C7}.AppStore|x86.Build.0 = Release|x86
		{5736C2E1-2247-4C42-B6CA-57FFC567B2C7}.AppStore|x86.Deploy.0 = Release|x86
		{5736C2E1-2247-4C42-B6CA-57FFC567B2C7}.Debug|Any CPU.ActiveCfg = Debug|x86
		{5736C2E1-2247-4C42-B6CA-57FFC567B2C7}.Debug|ARM.ActiveCfg = Debug|ARM
		{5736C2E1-2247-4C42-B6CA-57FFC567B2C7}.Debug|ARM.Build.0 = Debug|ARM
		{5736C2E1-2247-4C42-B6CA-57FFC567B2C7}.Debug|ARM.Deploy.0 = Debug|ARM
		{5736C2E1-2247-4C42-B6CA-57FFC567B2C7}.Debug|iPhone.ActiveCfg = Debug|x86
		{5736C2E1-2247-4C42-B6CA-57FFC567B2C7}.Debug|iPhoneSimulator.ActiveCfg = Debug|x86
		{5736C2E1-2247-4C42-B6CA-57FFC567B2C7}.Debug|x64.ActiveCfg = Debug|x64
		{5736C2E1-2247-4C42-B6CA-57FFC567B2C7}.Debug|x64.Build.0 = Debug|x64
		{5736C2E1-2247-4C42-B6CA-57FFC567B2C7}.Debug|x64.Deploy.0 = Debug|x64
		{5736C2E1-2247-4C42-B6CA-57FFC567B2C7}.Debug|x86.ActiveCfg = Debug|x86
		{5736C2E1-2247-4C42-B6CA-57FFC567B2C7}.Debug|x86.Build.0 = Debug|x86
		{5736C2E1-2247-4C42-B6CA-57FFC567B2C7}.Debug|x86.Deploy.0 = Debug|x86
		{5736C2E1-2247-4C42-B6CA-57FFC567B2C7}.Release|Any CPU.ActiveCfg = Release|x86
		{5736C2E1-2247-4C42-B6CA-57FFC567B2C7}.Release|ARM.ActiveCfg = Release|ARM
		{5736C2E1-2247-4C42-B6CA-57FFC567B2C7}.Release|ARM.Build.0 = Release|ARM
		{5736C2E1-2247-4C42-B6CA-57FFC567B2C7}.Release|ARM.Deploy.0 = Release|ARM
		{5736C2E1-2247-4C42-B6CA-57FFC567B2C7}.Release|iPhone.ActiveCfg = Release|x86
		{5736C2E1-2247-4C42-B6CA-57FFC567B2C7}.Release|iPhoneSimulator.ActiveCfg = Release|x86
		{5736C2E1-2247-4C42-B6CA-57FFC567B2C7}.Release|x64.ActiveCfg = Release|x64
		{5736C2E1-2247-4C42-B6CA-57FFC567B2C7}.Release|x64.Build.0 = Release|x64
		{5736C2E1-2247-4C42-B6CA-57FFC567B2C7}.Release|x64.Deploy.0 = Release|x64
		{5736C2E1-2247-4C42-B6CA-57FFC567B2C7}.Release|x86.ActiveCfg = Release|x86
		{5736C2E1-2247-4C42-B6CA-57FFC567B2C7}.Release|x86.Build.0 = Release|x86
		{5736C2E1-2247-4C42-B6CA-57FFC567B2C7}.Release|x86.Deploy.0 = Release|x86
	EndGlobalSection
	GlobalSection(SolutionProperties) = preSolution
		HideSolutionNode = FALSE
	EndGlobalSection
EndGlobal
